// !$*UTF8*$!
{
	archiveVersion = 1;
	classes = {
	};
	objectVersion = 56;
	objects = {

/* Begin PBXBuildFile section */
		4133CB4A2B66C73F003E2255 /* MDTappApp.swift in Sources */ = {isa = PBXBuildFile; fileRef = 4133CB492B66C73F003E2255 /* MDTappApp.swift */; };
		4133CB4C2B66C73F003E2255 /* ContentView.swift in Sources */ = {isa = PBXBuildFile; fileRef = 4133CB4B2B66C73F003E2255 /* ContentView.swift */; };
		4133CB4E2B66C740003E2255 /* Assets.xcassets in Resources */ = {isa = PBXBuildFile; fileRef = 4133CB4D2B66C740003E2255 /* Assets.xcassets */; };
		4133CB522B66C740003E2255 /* Preview Assets.xcassets in Resources */ = {isa = PBXBuildFile; fileRef = 4133CB512B66C740003E2255 /* Preview Assets.xcassets */; };
		4133CB5C2B66C740003E2255 /* MDTappTests.swift in Sources */ = {isa = PBXBuildFile; fileRef = 4133CB5B2B66C740003E2255 /* MDTappTests.swift */; };
		4133CB662B66C740003E2255 /* MDTappUITests.swift in Sources */ = {isa = PBXBuildFile; fileRef = 4133CB652B66C740003E2255 /* MDTappUITests.swift */; };
		4133CB682B66C740003E2255 /* MDTappUITestsLaunchTests.swift in Sources */ = {isa = PBXBuildFile; fileRef = 4133CB672B66C740003E2255 /* MDTappUITestsLaunchTests.swift */; };
/* End PBXBuildFile section */

/* Begin PBXContainerItemProxy section */
		4133CB582B66C740003E2255 /* PBXContainerItemProxy */ = {
			isa = PBXContainerItemProxy;
			containerPortal = 4133CB3E2B66C73F003E2255 /* Project object */;
			proxyType = 1;
			remoteGlobalIDString = 4133CB452B66C73F003E2255;
			remoteInfo = MDTapp;
		};
		4133CB622B66C740003E2255 /* PBXContainerItemProxy */ = {
			isa = PBXContainerItemProxy;
			containerPortal = 4133CB3E2B66C73F003E2255 /* Project object */;
			proxyType = 1;
			remoteGlobalIDString = 4133CB452B66C73F003E2255;
			remoteInfo = MDTapp;
		};
/* End PBXContainerItemProxy section */

/* Begin PBXFileReference section */
		4133CB462B66C73F003E2255 /* MDTapp.app */ = {isa = PBXFileReference; explicitFileType = wrapper.application; includeInIndex = 0; path = MDTapp.app; sourceTree = BUILT_PRODUCTS_DIR; };
		4133CB492B66C73F003E2255 /* MDTappApp.swift */ = {isa = PBXFileReference; lastKnownFileType = sourcecode.swift; path = MDTappApp.swift; sourceTree = "<group>"; };
		4133CB4B2B66C73F003E2255 /* ContentView.swift */ = {isa = PBXFileReference; lastKnownFileType = sourcecode.swift; path = ContentView.swift; sourceTree = "<group>"; };
		4133CB4D2B66C740003E2255 /* Assets.xcassets */ = {isa = PBXFileReference; lastKnownFileType = folder.assetcatalog; path = Assets.xcassets; sourceTree = "<group>"; };
		4133CB4F2B66C740003E2255 /* MDTapp.entitlements */ = {isa = PBXFileReference; lastKnownFileType = text.plist.entitlements; path = MDTapp.entitlements; sourceTree = "<group>"; };
		4133CB512B66C740003E2255 /* Preview Assets.xcassets */ = {isa = PBXFileReference; lastKnownFileType = folder.assetcatalog; path = "Preview Assets.xcassets"; sourceTree = "<group>"; };
		4133CB572B66C740003E2255 /* MDTappTests.xctest */ = {isa = PBXFileReference; explicitFileType = wrapper.cfbundle; includeInIndex = 0; path = MDTappTests.xctest; sourceTree = BUILT_PRODUCTS_DIR; };
		4133CB5B2B66C740003E2255 /* MDTappTests.swift */ = {isa = PBXFileReference; lastKnownFileType = sourcecode.swift; path = MDTappTests.swift; sourceTree = "<group>"; };
		4133CB612B66C740003E2255 /* MDTappUITests.xctest */ = {isa = PBXFileReference; explicitFileType = wrapper.cfbundle; includeInIndex = 0; path = MDTappUITests.xctest; sourceTree = BUILT_PRODUCTS_DIR; };
		4133CB652B66C740003E2255 /* MDTappUITests.swift */ = {isa = PBXFileReference; lastKnownFileType = sourcecode.swift; path = MDTappUITests.swift; sourceTree = "<group>"; };
		4133CB672B66C740003E2255 /* MDTappUITestsLaunchTests.swift */ = {isa = PBXFileReference; lastKnownFileType = sourcecode.swift; path = MDTappUITestsLaunchTests.swift; sourceTree = "<group>"; };
/* End PBXFileReference section */

/* Begin PBXFrameworksBuildPhase section */
		4133CB432B66C73F003E2255 /* Frameworks */ = {
			isa = PBXFrameworksBuildPhase;
			buildActionMask = 2147483647;
			files = (
			);
			runOnlyForDeploymentPostprocessing = 0;
		};
		4133CB542B66C740003E2255 /* Frameworks */ = {
			isa = PBXFrameworksBuildPhase;
			buildActionMask = 2147483647;
			files = (
			);
			runOnlyForDeploymentPostprocessing = 0;
		};
		4133CB5E2B66C740003E2255 /* Frameworks */ = {
			isa = PBXFrameworksBuildPhase;
			buildActionMask = 2147483647;
			files = (
			);
			runOnlyForDeploymentPostprocessing = 0;
		};
/* End PBXFrameworksBuildPhase section */

/* Begin PBXGroup section */
		4133CB3D2B66C73F003E2255 = {
			isa = PBXGroup;
			children = (
				4133CB482B66C73F003E2255 /* MDTapp */,
				4133CB5A2B66C740003E2255 /* MDTappTests */,
				4133CB642B66C740003E2255 /* MDTappUITests */,
				4133CB472B66C73F003E2255 /* Products */,
			);
			sourceTree = "<group>";
		};
		4133CB472B66C73F003E2255 /* Products */ = {
			isa = PBXGroup;
			children = (
				4133CB462B66C73F003E2255 /* MDTapp.app */,
				4133CB572B66C740003E2255 /* MDTappTests.xctest */,
				4133CB612B66C740003E2255 /* MDTappUITests.xctest */,
			);
			name = Products;
			sourceTree = "<group>";
		};
		4133CB482B66C73F003E2255 /* MDTapp */ = {
			isa = PBXGroup;
			children = (
				4133CB492B66C73F003E2255 /* MDTappApp.swift */,
				4133CB4B2B66C73F003E2255 /* ContentView.swift */,
				4133CB4D2B66C740003E2255 /* Assets.xcassets */,
				4133CB4F2B66C740003E2255 /* MDTapp.entitlements */,
				4133CB502B66C740003E2255 /* Preview Content */,
			);
			path = MDTapp;
			sourceTree = "<group>";
		};
		4133CB502B66C740003E2255 /* Preview Content */ = {
			isa = PBXGroup;
			children = (
				4133CB512B66C740003E2255 /* Preview Assets.xcassets */,
			);
			path = "Preview Content";
			sourceTree = "<group>";
		};
		4133CB5A2B66C740003E2255 /* MDTappTests */ = {
			isa = PBXGroup;
			children = (
				4133CB5B2B66C740003E2255 /* MDTappTests.swift */,
			);
			path = MDTappTests;
			sourceTree = "<group>";
		};
		4133CB642B66C740003E2255 /* MDTappUITests */ = {
			isa = PBXGroup;
			children = (
				4133CB652B66C740003E2255 /* MDTappUITests.swift */,
				4133CB672B66C740003E2255 /* MDTappUITestsLaunchTests.swift */,
			);
			path = MDTappUITests;
			sourceTree = "<group>";
		};
/* End PBXGroup section */

/* Begin PBXNativeTarget section */
		4133CB452B66C73F003E2255 /* MDTapp */ = {
			isa = PBXNativeTarget;
			buildConfigurationList = 4133CB6B2B66C740003E2255 /* Build configuration list for PBXNativeTarget "MDTapp" */;
			buildPhases = (
				4133CB422B66C73F003E2255 /* Sources */,
				4133CB432B66C73F003E2255 /* Frameworks */,
				4133CB442B66C73F003E2255 /* Resources */,
			);
			buildRules = (
			);
			dependencies = (
			);
			name = MDTapp;
			productName = MDTapp;
			productReference = 4133CB462B66C73F003E2255 /* MDTapp.app */;
			productType = "com.apple.product-type.application";
		};
		4133CB562B66C740003E2255 /* MDTappTests */ = {
			isa = PBXNativeTarget;
			buildConfigurationList = 4133CB6E2B66C740003E2255 /* Build configuration list for PBXNativeTarget "MDTappTests" */;
			buildPhases = (
				4133CB532B66C740003E2255 /* Sources */,
				4133CB542B66C740003E2255 /* Frameworks */,
				4133CB552B66C740003E2255 /* Resources */,
			);
			buildRules = (
			);
			dependencies = (
				4133CB592B66C740003E2255 /* PBXTargetDependency */,
			);
			name = MDTappTests;
			productName = MDTappTests;
			productReference = 4133CB572B66C740003E2255 /* MDTappTests.xctest */;
			productType = "com.apple.product-type.bundle.unit-test";
		};
		4133CB602B66C740003E2255 /* MDTappUITests */ = {
			isa = PBXNativeTarget;
			buildConfigurationList = 4133CB712B66C740003E2255 /* Build configuration list for PBXNativeTarget "MDTappUITests" */;
			buildPhases = (
				4133CB5D2B66C740003E2255 /* Sources */,
				4133CB5E2B66C740003E2255 /* Frameworks */,
				4133CB5F2B66C740003E2255 /* Resources */,
			);
			buildRules = (
			);
			dependencies = (
				4133CB632B66C740003E2255 /* PBXTargetDependency */,
			);
			name = MDTappUITests;
			productName = MDTappUITests;
			productReference = 4133CB612B66C740003E2255 /* MDTappUITests.xctest */;
			productType = "com.apple.product-type.bundle.ui-testing";
		};
/* End PBXNativeTarget section */

/* Begin PBXProject section */
		4133CB3E2B66C73F003E2255 /* Project object */ = {
			isa = PBXProject;
			attributes = {
				BuildIndependentTargetsInParallel = 1;
				LastSwiftUpdateCheck = 1520;
				LastUpgradeCheck = 1520;
				TargetAttributes = {
					4133CB452B66C73F003E2255 = {
						CreatedOnToolsVersion = 15.2;
					};
					4133CB562B66C740003E2255 = {
						CreatedOnToolsVersion = 15.2;
						TestTargetID = 4133CB452B66C73F003E2255;
					};
					4133CB602B66C740003E2255 = {
						CreatedOnToolsVersion = 15.2;
						TestTargetID = 4133CB452B66C73F003E2255;
					};
				};
			};
			buildConfigurationList = 4133CB412B66C73F003E2255 /* Build configuration list for PBXProject "MDTapp" */;
			compatibilityVersion = "Xcode 14.0";
			developmentRegion = en;
			hasScannedForEncodings = 0;
			knownRegions = (
				en,
				Base,
			);
			mainGroup = 4133CB3D2B66C73F003E2255;
			productRefGroup = 4133CB472B66C73F003E2255 /* Products */;
			projectDirPath = "";
			projectRoot = "";
			targets = (
				4133CB452B66C73F003E2255 /* MDTapp */,
				4133CB562B66C740003E2255 /* MDTappTests */,
				4133CB602B66C740003E2255 /* MDTappUITests */,
			);
		};
/* End PBXProject section */

/* Begin PBXResourcesBuildPhase section */
		4133CB442B66C73F003E2255 /* Resources */ = {
			isa = PBXResourcesBuildPhase;
			buildActionMask = 2147483647;
			files = (
				4133CB522B66C740003E2255 /* Preview Assets.xcassets in Resources */,
				4133CB4E2B66C740003E2255 /* Assets.xcassets in Resources */,
			);
			runOnlyForDeploymentPostprocessing = 0;
		};
		4133CB552B66C740003E2255 /* Resources */ = {
			isa = PBXResourcesBuildPhase;
			buildActionMask = 2147483647;
			files = (
			);
			runOnlyForDeploymentPostprocessing = 0;
		};
		4133CB5F2B66C740003E2255 /* Resources */ = {
			isa = PBXResourcesBuildPhase;
			buildActionMask = 2147483647;
			files = (
			);
			runOnlyForDeploymentPostprocessing = 0;
		};
/* End PBXResourcesBuildPhase section */

/* Begin PBXSourcesBuildPhase section */
		4133CB422B66C73F003E2255 /* Sources */ = {
			isa = PBXSourcesBuildPhase;
			buildActionMask = 2147483647;
			files = (
				4133CB4C2B66C73F003E2255 /* ContentView.swift in Sources */,
				4133CB4A2B66C73F003E2255 /* MDTappApp.swift in Sources */,
			);
			runOnlyForDeploymentPostprocessing = 0;
		};
		4133CB532B66C740003E2255 /* Sources */ = {
			isa = PBXSourcesBuildPhase;
			buildActionMask = 2147483647;
			files = (
				4133CB5C2B66C740003E2255 /* MDTappTests.swift in Sources */,
			);
			runOnlyForDeploymentPostprocessing = 0;
		};
		4133CB5D2B66C740003E2255 /* Sources */ = {
			isa = PBXSourcesBuildPhase;
			buildActionMask = 2147483647;
			files = (
				4133CB682B66C740003E2255 /* MDTappUITestsLaunchTests.swift in Sources */,
				4133CB662B66C740003E2255 /* MDTappUITests.swift in Sources */,
			);
			runOnlyForDeploymentPostprocessing = 0;
		};
/* End PBXSourcesBuildPhase section */

/* Begin PBXTargetDependency section */
		4133CB592B66C740003E2255 /* PBXTargetDependency */ = {
			isa = PBXTargetDependency;
			target = 4133CB452B66C73F003E2255 /* MDTapp */;
			targetProxy = 4133CB582B66C740003E2255 /* PBXContainerItemProxy */;
		};
		4133CB632B66C740003E2255 /* PBXTargetDependency */ = {
			isa = PBXTargetDependency;
			target = 4133CB452B66C73F003E2255 /* MDTapp */;
			targetProxy = 4133CB622B66C740003E2255 /* PBXContainerItemProxy */;
		};
/* End PBXTargetDependency section */

/* Begin XCBuildConfiguration section */
		4133CB692B66C740003E2255 /* Debug */ = {
			isa = XCBuildConfiguration;
			buildSettings = {
				ALWAYS_SEARCH_USER_PATHS = NO;
				ASSETCATALOG_COMPILER_GENERATE_SWIFT_ASSET_SYMBOL_EXTENSIONS = YES;
				CLANG_ANALYZER_NONNULL = YES;
				CLANG_ANALYZER_NUMBER_OBJECT_CONVERSION = YES_AGGRESSIVE;
				CLANG_CXX_LANGUAGE_STANDARD = "gnu++20";
				CLANG_ENABLE_MODULES = YES;
				CLANG_ENABLE_OBJC_ARC = YES;
				CLANG_ENABLE_OBJC_WEAK = YES;
				CLANG_WARN_BLOCK_CAPTURE_AUTORELEASING = YES;
				CLANG_WARN_BOOL_CONVERSION = YES;
				CLANG_WARN_COMMA = YES;
				CLANG_WARN_CONSTANT_CONVERSION = YES;
				CLANG_WARN_DEPRECATED_OBJC_IMPLEMENTATIONS = YES;
				CLANG_WARN_DIRECT_OBJC_ISA_USAGE = YES_ERROR;
				CLANG_WARN_DOCUMENTATION_COMMENTS = YES;
				CLANG_WARN_EMPTY_BODY = YES;
				CLANG_WARN_ENUM_CONVERSION = YES;
				CLANG_WARN_INFINITE_RECURSION = YES;
				CLANG_WARN_INT_CONVERSION = YES;
				CLANG_WARN_NON_LITERAL_NULL_CONVERSION = YES;
				CLANG_WARN_OBJC_IMPLICIT_RETAIN_SELF = YES;
				CLANG_WARN_OBJC_LITERAL_CONVERSION = YES;
				CLANG_WARN_OBJC_ROOT_CLASS = YES_ERROR;
				CLANG_WARN_QUOTED_INCLUDE_IN_FRAMEWORK_HEADER = YES;
				CLANG_WARN_RANGE_LOOP_ANALYSIS = YES;
				CLANG_WARN_STRICT_PROTOTYPES = YES;
				CLANG_WARN_SUSPICIOUS_MOVE = YES;
				CLANG_WARN_UNGUARDED_AVAILABILITY = YES_AGGRESSIVE;
				CLANG_WARN_UNREACHABLE_CODE = YES;
				CLANG_WARN__DUPLICATE_METHOD_MATCH = YES;
				COPY_PHASE_STRIP = NO;
				DEBUG_INFORMATION_FORMAT = dwarf;
				ENABLE_STRICT_OBJC_MSGSEND = YES;
				ENABLE_TESTABILITY = YES;
				ENABLE_USER_SCRIPT_SANDBOXING = YES;
				GCC_C_LANGUAGE_STANDARD = gnu17;
				GCC_DYNAMIC_NO_PIC = NO;
				GCC_NO_COMMON_BLOCKS = YES;
				GCC_OPTIMIZATION_LEVEL = 0;
				GCC_PREPROCESSOR_DEFINITIONS = (
					"DEBUG=1",
					"$(inherited)",
				);
				GCC_WARN_64_TO_32_BIT_CONVERSION = YES;
				GCC_WARN_ABOUT_RETURN_TYPE = YES_ERROR;
				GCC_WARN_UNDECLARED_SELECTOR = YES;
				GCC_WARN_UNINITIALIZED_AUTOS = YES_AGGRESSIVE;
				GCC_WARN_UNUSED_FUNCTION = YES;
				GCC_WARN_UNUSED_VARIABLE = YES;
				LOCALIZATION_PREFERS_STRING_CATALOGS = YES;
				MTL_ENABLE_DEBUG_INFO = INCLUDE_SOURCE;
				MTL_FAST_MATH = YES;
				ONLY_ACTIVE_ARCH = YES;
				SWIFT_ACTIVE_COMPILATION_CONDITIONS = "DEBUG $(inherited)";
				SWIFT_OPTIMIZATION_LEVEL = "-Onone";
			};
			name = Debug;
		};
		4133CB6A2B66C740003E2255 /* Release */ = {
			isa = XCBuildConfiguration;
			buildSettings = {
				ALWAYS_SEARCH_USER_PATHS = NO;
				ASSETCATALOG_COMPILER_GENERATE_SWIFT_ASSET_SYMBOL_EXTENSIONS = YES;
				CLANG_ANALYZER_NONNULL = YES;
				CLANG_ANALYZER_NUMBER_OBJECT_CONVERSION = YES_AGGRESSIVE;
				CLANG_CXX_LANGUAGE_STANDARD = "gnu++20";
				CLANG_ENABLE_MODULES = YES;
				CLANG_ENABLE_OBJC_ARC = YES;
				CLANG_ENABLE_OBJC_WEAK = YES;
				CLANG_WARN_BLOCK_CAPTURE_AUTORELEASING = YES;
				CLANG_WARN_BOOL_CONVERSION = YES;
				CLANG_WARN_COMMA = YES;
				CLANG_WARN_CONSTANT_CONVERSION = YES;
				CLANG_WARN_DEPRECATED_OBJC_IMPLEMENTATIONS = YES;
				CLANG_WARN_DIRECT_OBJC_ISA_USAGE = YES_ERROR;
				CLANG_WARN_DOCUMENTATION_COMMENTS = YES;
				CLANG_WARN_EMPTY_BODY = YES;
				CLANG_WARN_ENUM_CONVERSION = YES;
				CLANG_WARN_INFINITE_RECURSION = YES;
				CLANG_WARN_INT_CONVERSION = YES;
				CLANG_WARN_NON_LITERAL_NULL_CONVERSION = YES;
				CLANG_WARN_OBJC_IMPLICIT_RETAIN_SELF = YES;
				CLANG_WARN_OBJC_LITERAL_CONVERSION = YES;
				CLANG_WARN_OBJC_ROOT_CLASS = YES_ERROR;
				CLANG_WARN_QUOTED_INCLUDE_IN_FRAMEWORK_HEADER = YES;
				CLANG_WARN_RANGE_LOOP_ANALYSIS = YES;
				CLANG_WARN_STRICT_PROTOTYPES = YES;
				CLANG_WARN_SUSPICIOUS_MOVE = YES;
				CLANG_WARN_UNGUARDED_AVAILABILITY = YES_AGGRESSIVE;
				CLANG_WARN_UNREACHABLE_CODE = YES;
				CLANG_WARN__DUPLICATE_METHOD_MATCH = YES;
				COPY_PHASE_STRIP = NO;
				DEBUG_INFORMATION_FORMAT = "dwarf-with-dsym";
				ENABLE_NS_ASSERTIONS = NO;
				ENABLE_STRICT_OBJC_MSGSEND = YES;
				ENABLE_USER_SCRIPT_SANDBOXING = YES;
				GCC_C_LANGUAGE_STANDARD = gnu17;
				GCC_NO_COMMON_BLOCKS = YES;
				GCC_WARN_64_TO_32_BIT_CONVERSION = YES;
				GCC_WARN_ABOUT_RETURN_TYPE = YES_ERROR;
				GCC_WARN_UNDECLARED_SELECTOR = YES;
				GCC_WARN_UNINITIALIZED_AUTOS = YES_AGGRESSIVE;
				GCC_WARN_UNUSED_FUNCTION = YES;
				GCC_WARN_UNUSED_VARIABLE = YES;
				LOCALIZATION_PREFERS_STRING_CATALOGS = YES;
				MTL_ENABLE_DEBUG_INFO = NO;
				MTL_FAST_MATH = YES;
				SWIFT_COMPILATION_MODE = wholemodule;
			};
			name = Release;
		};
		4133CB6C2B66C740003E2255 /* Debug */ = {
			isa = XCBuildConfiguration;
			buildSettings = {
				ASSETCATALOG_COMPILER_APPICON_NAME = AppIcon;
				ASSETCATALOG_COMPILER_GLOBAL_ACCENT_COLOR_NAME = AccentColor;
				CODE_SIGN_ENTITLEMENTS = MDTapp/MDTapp.entitlements;
				CODE_SIGN_STYLE = Automatic;
				CURRENT_PROJECT_VERSION = 1;
				DEVELOPMENT_ASSET_PATHS = "\"MDTapp/Preview Content\"";
				DEVELOPMENT_TEAM = FZQ347J9NX;
				ENABLE_HARDENED_RUNTIME = YES;
				ENABLE_PREVIEWS = YES;
				GENERATE_INFOPLIST_FILE = YES;
				"INFOPLIST_KEY_UIApplicationSceneManifest_Generation[sdk=iphoneos*]" = YES;
				"INFOPLIST_KEY_UIApplicationSceneManifest_Generation[sdk=iphonesimulator*]" = YES;
				"INFOPLIST_KEY_UIApplicationSupportsIndirectInputEvents[sdk=iphoneos*]" = YES;
				"INFOPLIST_KEY_UIApplicationSupportsIndirectInputEvents[sdk=iphonesimulator*]" = YES;
				"INFOPLIST_KEY_UILaunchScreen_Generation[sdk=iphoneos*]" = YES;
				"INFOPLIST_KEY_UILaunchScreen_Generation[sdk=iphonesimulator*]" = YES;
				"INFOPLIST_KEY_UIStatusBarStyle[sdk=iphoneos*]" = UIStatusBarStyleDefault;
				"INFOPLIST_KEY_UIStatusBarStyle[sdk=iphonesimulator*]" = UIStatusBarStyleDefault;
				INFOPLIST_KEY_UISupportedInterfaceOrientations_iPad = "UIInterfaceOrientationPortrait UIInterfaceOrientationPortraitUpsideDown UIInterfaceOrientationLandscapeLeft UIInterfaceOrientationLandscapeRight";
				INFOPLIST_KEY_UISupportedInterfaceOrientations_iPhone = "UIInterfaceOrientationPortrait UIInterfaceOrientationLandscapeLeft UIInterfaceOrientationLandscapeRight";
				IPHONEOS_DEPLOYMENT_TARGET = 17.2;
				LD_RUNPATH_SEARCH_PATHS = "@executable_path/Frameworks";
				"LD_RUNPATH_SEARCH_PATHS[sdk=macosx*]" = "@executable_path/../Frameworks";
				MACOSX_DEPLOYMENT_TARGET = 14.2;
				MARKETING_VERSION = 1.0;
				PRODUCT_BUNDLE_IDENTIFIER = EpiLung.MDTapp;
				PRODUCT_NAME = "$(TARGET_NAME)";
				SDKROOT = auto;
				SUPPORTED_PLATFORMS = "iphoneos iphonesimulator macosx";
				SWIFT_EMIT_LOC_STRINGS = YES;
				SWIFT_VERSION = 5.0;
				TARGETED_DEVICE_FAMILY = "1,2";
			};
			name = Debug;
		};
		4133CB6D2B66C740003E2255 /* Release */ = {
			isa = XCBuildConfiguration;
			buildSettings = {
				ASSETCATALOG_COMPILER_APPICON_NAME = AppIcon;
				ASSETCATALOG_COMPILER_GLOBAL_ACCENT_COLOR_NAME = AccentColor;
				CODE_SIGN_ENTITLEMENTS = MDTapp/MDTapp.entitlements;
				CODE_SIGN_STYLE = Automatic;
				CURRENT_PROJECT_VERSION = 1;
				DEVELOPMENT_ASSET_PATHS = "\"MDTapp/Preview Content\"";
				DEVELOPMENT_TEAM = FZQ347J9NX;
				ENABLE_HARDENED_RUNTIME = YES;
				ENABLE_PREVIEWS = YES;
				GENERATE_INFOPLIST_FILE = YES;
				"INFOPLIST_KEY_UIApplicationSceneManifest_Generation[sdk=iphoneos*]" = YES;
				"INFOPLIST_KEY_UIApplicationSceneManifest_Generation[sdk=iphonesimulator*]" = YES;
				"INFOPLIST_KEY_UIApplicationSupportsIndirectInputEvents[sdk=iphoneos*]" = YES;
				"INFOPLIST_KEY_UIApplicationSupportsIndirectInputEvents[sdk=iphonesimulator*]" = YES;
				"INFOPLIST_KEY_UILaunchScreen_Generation[sdk=iphoneos*]" = YES;
				"INFOPLIST_KEY_UILaunchScreen_Generation[sdk=iphonesimulator*]" = YES;
				"INFOPLIST_KEY_UIStatusBarStyle[sdk=iphoneos*]" = UIStatusBarStyleDefault;
				"INFOPLIST_KEY_UIStatusBarStyle[sdk=iphonesimulator*]" = UIStatusBarStyleDefault;
				INFOPLIST_KEY_UISupportedInterfaceOrientations_iPad = "UIInterfaceOrientationPortrait UIInterfaceOrientationPortraitUpsideDown UIInterfaceOrientationLandscapeLeft UIInterfaceOrientationLandscapeRight";
				INFOPLIST_KEY_UISupportedInterfaceOrientations_iPhone = "UIInterfaceOrientationPortrait UIInterfaceOrientationLandscapeLeft UIInterfaceOrientationLandscapeRight";
				IPHONEOS_DEPLOYMENT_TARGET = 17.2;
				LD_RUNPATH_SEARCH_PATHS = "@executable_path/Frameworks";
				"LD_RUNPATH_SEARCH_PATHS[sdk=macosx*]" = "@executable_path/../Frameworks";
				MACOSX_DEPLOYMENT_TARGET = 14.2;
				MARKETING_VERSION = 1.0;
				PRODUCT_BUNDLE_IDENTIFIER = EpiLung.MDTapp;
				PRODUCT_NAME = "$(TARGET_NAME)";
				SDKROOT = auto;
				SUPPORTED_PLATFORMS = "iphoneos iphonesimulator macosx";
				SWIFT_EMIT_LOC_STRINGS = YES;
				SWIFT_VERSION = 5.0;
				TARGETED_DEVICE_FAMILY = "1,2";
			};
			name = Release;
		};
		4133CB6F2B66C740003E2255 /* Debug */ = {
			isa = XCBuildConfiguration;
			buildSettings = {
				ALWAYS_EMBED_SWIFT_STANDARD_LIBRARIES = YES;
				BUNDLE_LOADER = "$(TEST_HOST)";
				CODE_SIGN_STYLE = Automatic;
				CURRENT_PROJECT_VERSION = 1;
				DEVELOPMENT_TEAM = FZQ347J9NX;
				GENERATE_INFOPLIST_FILE = YES;
				IPHONEOS_DEPLOYMENT_TARGET = 17.2;
				MACOSX_DEPLOYMENT_TARGET = 14.2;
				MARKETING_VERSION = 1.0;
				PRODUCT_BUNDLE_IDENTIFIER = EpiLung.MDTappTests;
				PRODUCT_NAME = "$(TARGET_NAME)";
				SDKROOT = auto;
				SUPPORTED_PLATFORMS = "iphoneos iphonesimulator macosx";
				SWIFT_EMIT_LOC_STRINGS = NO;
				SWIFT_VERSION = 5.0;
				TARGETED_DEVICE_FAMILY = "1,2";
				TEST_HOST = "$(BUILT_PRODUCTS_DIR)/MDTapp.app/$(BUNDLE_EXECUTABLE_FOLDER_PATH)/MDTapp";
			};
			name = Debug;
		};
		4133CB702B66C740003E2255 /* Release */ = {
			isa = XCBuildConfiguration;
			buildSettings = {
				ALWAYS_EMBED_SWIFT_STANDARD_LIBRARIES = YES;
				BUNDLE_LOADER = "$(TEST_HOST)";
				CODE_SIGN_STYLE = Automatic;
				CURRENT_PROJECT_VERSION = 1;
				DEVELOPMENT_TEAM = FZQ347J9NX;
				GENERATE_INFOPLIST_FILE = YES;
				IPHONEOS_DEPLOYMENT_TARGET = 17.2;
				MACOSX_DEPLOYMENT_TARGET = 14.2;
				MARKETING_VERSION = 1.0;
				PRODUCT_BUNDLE_IDENTIFIER = EpiLung.MDTappTests;
				PRODUCT_NAME = "$(TARGET_NAME)";
				SDKROOT = auto;
				SUPPORTED_PLATFORMS = "iphoneos iphonesimulator macosx";
				SWIFT_EMIT_LOC_STRINGS = NO;
				SWIFT_VERSION = 5.0;
				TARGETED_DEVICE_FAMILY = "1,2";
				TEST_HOST = "$(BUILT_PRODUCTS_DIR)/MDTapp.app/$(BUNDLE_EXECUTABLE_FOLDER_PATH)/MDTapp";
			};
			name = Release;
		};
		4133CB722B66C740003E2255 /* Debug */ = {
			isa = XCBuildConfiguration;
			buildSettings = {
				ALWAYS_EMBED_SWIFT_STANDARD_LIBRARIES = YES;
				CODE_SIGN_STYLE = Automatic;
				CURRENT_PROJECT_VERSION = 1;
				DEVELOPMENT_TEAM = FZQ347J9NX;
				GENERATE_INFOPLIST_FILE = YES;
				IPHONEOS_DEPLOYMENT_TARGET = 17.2;
				MACOSX_DEPLOYMENT_TARGET = 14.2;
				MARKETING_VERSION = 1.0;
				PRODUCT_BUNDLE_IDENTIFIER = EpiLung.MDTappUITests;
				PRODUCT_NAME = "$(TARGET_NAME)";
				SDKROOT = auto;
				SUPPORTED_PLATFORMS = "iphoneos iphonesimulator macosx";
				SWIFT_EMIT_LOC_STRINGS = NO;
				SWIFT_VERSION = 5.0;
				TARGETED_DEVICE_FAMILY = "1,2";
				TEST_TARGET_NAME = MDTapp;
			};
			name = Debug;
		};
		4133CB732B66C740003E2255 /* Release */ = {
			isa = XCBuildConfiguration;
			buildSettings = {
				ALWAYS_EMBED_SWIFT_STANDARD_LIBRARIES = YES;
				CODE_SIGN_STYLE = Automatic;
				CURRENT_PROJECT_VERSION = 1;
				DEVELOPMENT_TEAM = FZQ347J9NX;
				GENERATE_INFOPLIST_FILE = YES;
				IPHONEOS_DEPLOYMENT_TARGET = 17.2;
				MACOSX_DEPLOYMENT_TARGET = 14.2;
				MARKETING_VERSION = 1.0;
				PRODUCT_BUNDLE_IDENTIFIER = EpiLung.MDTappUITests;
				PRODUCT_NAME = "$(TARGET_NAME)";
				SDKROOT = auto;
				SUPPORTED_PLATFORMS = "iphoneos iphonesimulator macosx";
				SWIFT_EMIT_LOC_STRINGS = NO;
				SWIFT_VERSION = 5.0;
				TARGETED_DEVICE_FAMILY = "1,2";
				TEST_TARGET_NAME = MDTapp;
			};
			name = Release;
		};
/* End XCBuildConfiguration section */

/* Begin XCConfigurationList section */
		4133CB412B66C73F003E2255 /* Build configuration list for PBXProject "MDTapp" */ = {
			isa = XCConfigurationList;
			buildConfigurations = (
				4133CB692B66C740003E2255 /* Debug */,
				4133CB6A2B66C740003E2255 /* Release */,
			);
			defaultConfigurationIsVisible = 0;
			defaultConfigurationName = Release;
		};
		4133CB6B2B66C740003E2255 /* Build configuration list for PBXNativeTarget "MDTapp" */ = {
			isa = XCConfigurationList;
			buildConfigurations = (
				4133CB6C2B66C740003E2255 /* Debug */,
				4133CB6D2B66C740003E2255 /* Release */,
			);
			defaultConfigurationIsVisible = 0;
			defaultConfigurationName = Release;
		};
		4133CB6E2B66C740003E2255 /* Build configuration list for PBXNativeTarget "MDTappTests" */ = {
			isa = XCConfigurationList;
			buildConfigurations = (
				4133CB6F2B66C740003E2255 /* Debug */,
				4133CB702B66C740003E2255 /* Release */,
			);
			defaultConfigurationIsVisible = 0;
			defaultConfigurationName = Release;
		};
		4133CB712B66C740003E2255 /* Build configuration list for PBXNativeTarget "MDTappUITests" */ = {
			isa = XCConfigurationList;
			buildConfigurations = (
				4133CB722B66C740003E2255 /* Debug */,
				4133CB732B66C740003E2255 /* Release */,
			);
			defaultConfigurationIsVisible = 0;
			defaultConfigurationName = Release;
		};
/* End XCConfigurationList section */
	};
	rootObject = 4133CB3E2B66C73F003E2255 /* Project object */;
}
